
Microsoft Visual Studio Solution File, Format Version 12.00
# Visual Studio Version 17
VisualStudioVersion = 17.3.32922.545
MinimumVisualStudioVersion = 10.0.40219.1
Project("{FAE04EC0-301F-11D3-BF4B-00C04F79EFBC}") = "GitHub", "GitHub\GitHub.csproj", "{EFEFC8B4-CFFE-470A-B660-FA0A0D60AD58}"
EndProject
Global
	GlobalSection(SolutionConfigurationPlatforms) = preSolution
		Debug|Any CPU = Debug|Any CPU
		Release|Any CPU = Release|Any CPU
	EndGlobalSection
	GlobalSection(ProjectConfigurationPlatforms) = postSolution
		{EFEFC8B4-CFFE-470A-B660-FA0A0D60AD58}.Debug|Any CPU.ActiveCfg = Debug|Any CPU
		{EFEFC8B4-CFFE-470A-B660-FA0A0D60AD58}.Debug|Any CPU.Build.0 = Debug|Any CPU
		{EFEFC8B4-CFFE-470A-B660-FA0A0D60AD58}.Release|Any CPU.ActiveCfg = Release|Any CPU
		{EFEFC8B4-CFFE-470A-B660-FA0A0D60AD58}.Release|Any CPU.Build.0 = Release|Any CPU
	EndGlobalSection
	GlobalSection(SolutionProperties) = preSolution
		HideSolutionNode = FALSE
	EndGlobalSection
	GlobalSection(ExtensibilityGlobals) = postSolution
		SolutionGuid = {651E8BA6-99E5-4107-9835-C22FA24D7435}
	EndGlobalSection
EndGlobal
